
Microsoft Visual Studio Solution File, Format Version 12.00
# Visual Studio 14
VisualStudioVersion = 14.0.25420.1
MinimumVisualStudioVersion = 10.0.40219.1
Project("{A07B5EB6-E848-4116-A8D0-A826331D98C6}") = "MicroDemo", "MicroDemo\MicroDemo.sfproj", "{44046D7D-21CB-48AB-8D77-CE24FC0FABC7}"
EndProject
Project("{FAE04EC0-301F-11D3-BF4B-00C04F79EFBC}") = "MicroDemo.Host", "MicroDemo.Host\MicroDemo.Host.csproj", "{0D524C0C-5673-4FEF-93F1-3B36069B5706}"
EndProject
Project("{FAE04EC0-301F-11D3-BF4B-00C04F79EFBC}") = "Demo.Contracts", "Demo.Contracts\Demo.Contracts.csproj", "{FFB1354A-4EE8-4E15-B79F-3B9C24228609}"
EndProject
Project("{2150E333-8FDC-42A3-9474-1A3956D46DE8}") = "Host", "Host", "{E80827F2-B322-47BF-91A1-CDCBA6F9DE28}"
EndProject
Project("{2150E333-8FDC-42A3-9474-1A3956D46DE8}") = "Contracts", "Contracts", "{66EE3565-7698-4A52-99C4-1ECB9194CA52}"
EndProject
Project("{2150E333-8FDC-42A3-9474-1A3956D46DE8}") = "Services", "Services", "{942ACD57-D78E-47E9-B104-6E917B48FA7E}"
EndProject
Project("{FAE04EC0-301F-11D3-BF4B-00C04F79EFBC}") = "CacheService", "CacheService\CacheService.csproj", "{ADE34B09-8401-4804-BD41-1EB028A57E81}"
EndProject
Project("{FAE04EC0-301F-11D3-BF4B-00C04F79EFBC}") = "CustomerService", "CustomerService\CustomerService.csproj", "{921B574A-4589-4D29-9A29-4398DD36FF30}"
EndProject
Project("{FAE04EC0-301F-11D3-BF4B-00C04F79EFBC}") = "InvoiceService", "InvoiceService\InvoiceService.csproj", "{E5CC7D65-B1A5-49E4-AB59-8D729292273A}"
EndProject
Project("{FAE04EC0-301F-11D3-BF4B-00C04F79EFBC}") = "CounterService", "CounterService\CounterService.csproj", "{96F9C95F-DB7D-4309-81B4-0DB8CCB2349A}"
EndProject
Global
	GlobalSection(SolutionConfigurationPlatforms) = preSolution
		Debug|Any CPU = Debug|Any CPU
		Debug|x64 = Debug|x64
		Release|Any CPU = Release|Any CPU
		Release|x64 = Release|x64
	EndGlobalSection
	GlobalSection(ProjectConfigurationPlatforms) = postSolution
		{44046D7D-21CB-48AB-8D77-CE24FC0FABC7}.Debug|Any CPU.ActiveCfg = Debug|x64
		{44046D7D-21CB-48AB-8D77-CE24FC0FABC7}.Debug|Any CPU.Build.0 = Debug|x64
		{44046D7D-21CB-48AB-8D77-CE24FC0FABC7}.Debug|Any CPU.Deploy.0 = Debug|x64
		{44046D7D-21CB-48AB-8D77-CE24FC0FABC7}.Debug|x64.ActiveCfg = Debug|x64
		{44046D7D-21CB-48AB-8D77-CE24FC0FABC7}.Debug|x64.Build.0 = Debug|x64
		{44046D7D-21CB-48AB-8D77-CE24FC0FABC7}.Debug|x64.Deploy.0 = Debug|x64
		{44046D7D-21CB-48AB-8D77-CE24FC0FABC7}.Release|Any CPU.ActiveCfg = Release|x64
		{44046D7D-21CB-48AB-8D77-CE24FC0FABC7}.Release|x64.ActiveCfg = Release|x64
		{44046D7D-21CB-48AB-8D77-CE24FC0FABC7}.Release|x64.Build.0 = Release|x64
		{44046D7D-21CB-48AB-8D77-CE24FC0FABC7}.Release|x64.Deploy.0 = Release|x64
		{0D524C0C-5673-4FEF-93F1-3B36069B5706}.Debug|Any CPU.ActiveCfg = Debug|x64
		{0D524C0C-5673-4FEF-93F1-3B36069B5706}.Debug|Any CPU.Build.0 = Debug|x64
		{0D524C0C-5673-4FEF-93F1-3B36069B5706}.Debug|x64.ActiveCfg = Debug|x64
		{0D524C0C-5673-4FEF-93F1-3B36069B5706}.Debug|x64.Build.0 = Debug|x64
		{0D524C0C-5673-4FEF-93F1-3B36069B5706}.Release|Any CPU.ActiveCfg = Release|x64
		{0D524C0C-5673-4FEF-93F1-3B36069B5706}.Release|x64.ActiveCfg = Release|x64
		{0D524C0C-5673-4FEF-93F1-3B36069B5706}.Release|x64.Build.0 = Release|x64
		{FFB1354A-4EE8-4E15-B79F-3B9C24228609}.Debug|Any CPU.ActiveCfg = Debug|Any CPU
		{FFB1354A-4EE8-4E15-B79F-3B9C24228609}.Debug|Any CPU.Build.0 = Debug|Any CPU
		{FFB1354A-4EE8-4E15-B79F-3B9C24228609}.Debug|x64.ActiveCfg = Debug|Any CPU
		{FFB1354A-4EE8-4E15-B79F-3B9C24228609}.Debug|x64.Build.0 = Debug|Any CPU
		{FFB1354A-4EE8-4E15-B79F-3B9C24228609}.Release|Any CPU.ActiveCfg = Release|Any CPU
		{FFB1354A-4EE8-4E15-B79F-3B9C24228609}.Release|Any CPU.Build.0 = Release|Any CPU
		{FFB1354A-4EE8-4E15-B79F-3B9C24228609}.Release|x64.ActiveCfg = Release|Any CPU
		{FFB1354A-4EE8-4E15-B79F-3B9C24228609}.Release|x64.Build.0 = Release|Any CPU
		{ADE34B09-8401-4804-BD41-1EB028A57E81}.Debug|Any CPU.ActiveCfg = Debug|x64
		{ADE34B09-8401-4804-BD41-1EB028A57E81}.Debug|Any CPU.Build.0 = Debug|x64
		{ADE34B09-8401-4804-BD41-1EB028A57E81}.Debug|x64.ActiveCfg = Debug|x64
		{ADE34B09-8401-4804-BD41-1EB028A57E81}.Debug|x64.Build.0 = Debug|x64
		{ADE34B09-8401-4804-BD41-1EB028A57E81}.Release|Any CPU.ActiveCfg = Release|x64
		{ADE34B09-8401-4804-BD41-1EB028A57E81}.Release|x64.ActiveCfg = Release|x64
		{ADE34B09-8401-4804-BD41-1EB028A57E81}.Release|x64.Build.0 = Release|x64
		{921B574A-4589-4D29-9A29-4398DD36FF30}.Debug|Any CPU.ActiveCfg = Debug|x64
		{921B574A-4589-4D29-9A29-4398DD36FF30}.Debug|Any CPU.Build.0 = Debug|x64
		{921B574A-4589-4D29-9A29-4398DD36FF30}.Debug|x64.ActiveCfg = Debug|x64
		{921B574A-4589-4D29-9A29-4398DD36FF30}.Debug|x64.Build.0 = Debug|x64
		{921B574A-4589-4D29-9A29-4398DD36FF30}.Release|Any CPU.ActiveCfg = Release|x64
		{921B574A-4589-4D29-9A29-4398DD36FF30}.Release|x64.ActiveCfg = Release|x64
		{921B574A-4589-4D29-9A29-4398DD36FF30}.Release|x64.Build.0 = Release|x64
		{E5CC7D65-B1A5-49E4-AB59-8D729292273A}.Debug|Any CPU.ActiveCfg = Debug|x64
		{E5CC7D65-B1A5-49E4-AB59-8D729292273A}.Debug|Any CPU.Build.0 = Debug|x64
		{E5CC7D65-B1A5-49E4-AB59-8D729292273A}.Debug|x64.ActiveCfg = Debug|x64
		{E5CC7D65-B1A5-49E4-AB59-8D729292273A}.Debug|x64.Build.0 = Debug|x64
		{E5CC7D65-B1A5-49E4-AB59-8D729292273A}.Release|Any CPU.ActiveCfg = Release|x64
		{E5CC7D65-B1A5-49E4-AB59-8D729292273A}.Release|x64.ActiveCfg = Release|x64
		{E5CC7D65-B1A5-49E4-AB59-8D729292273A}.Release|x64.Build.0 = Release|x64
		{96F9C95F-DB7D-4309-81B4-0DB8CCB2349A}.Debug|Any CPU.ActiveCfg = Debug|x64
		{96F9C95F-DB7D-4309-81B4-0DB8CCB2349A}.Debug|Any CPU.Build.0 = Debug|x64
		{96F9C95F-DB7D-4309-81B4-0DB8CCB2349A}.Debug|x64.ActiveCfg = Debug|x64
		{96F9C95F-DB7D-4309-81B4-0DB8CCB2349A}.Debug|x64.Build.0 = Debug|x64
		{96F9C95F-DB7D-4309-81B4-0DB8CCB2349A}.Release|Any CPU.ActiveCfg = Release|x64
		{96F9C95F-DB7D-4309-81B4-0DB8CCB2349A}.Release|x64.ActiveCfg = Release|x64
		{96F9C95F-DB7D-4309-81B4-0DB8CCB2349A}.Release|x64.Build.0 = Release|x64
	EndGlobalSection
	GlobalSection(SolutionProperties) = preSolution
		HideSolutionNode = FALSE
	EndGlobalSection
	GlobalSection(NestedProjects) = preSolution
		{0D524C0C-5673-4FEF-93F1-3B36069B5706} = {E80827F2-B322-47BF-91A1-CDCBA6F9DE28}
		{FFB1354A-4EE8-4E15-B79F-3B9C24228609} = {66EE3565-7698-4A52-99C4-1ECB9194CA52}
		{ADE34B09-8401-4804-BD41-1EB028A57E81} = {942ACD57-D78E-47E9-B104-6E917B48FA7E}
		{921B574A-4589-4D29-9A29-4398DD36FF30} = {942ACD57-D78E-47E9-B104-6E917B48FA7E}
		{E5CC7D65-B1A5-49E4-AB59-8D729292273A} = {942ACD57-D78E-47E9-B104-6E917B48FA7E}
		{96F9C95F-DB7D-4309-81B4-0DB8CCB2349A} = {942ACD57-D78E-47E9-B104-6E917B48FA7E}
	EndGlobalSection
EndGlobal
